
Microsoft Visual Studio Solution File, Format Version 12.00
# Visual Studio Version 17
VisualStudioVersion = 17.0.31903.59
MinimumVisualStudioVersion = 10.0.40219.1
Project("{FAE04EC0-301F-11D3-BF4B-00C04F79EFBC}") = "Palindrome", "Palindrome\Palindrome.csproj", "{430B3922-AF9F-4AA0-9AD7-D9F6D8AB1E17}"
EndProject
Project("{FAE04EC0-301F-11D3-BF4B-00C04F79EFBC}") = "MultipleStuff", "MultipleStuff\MultipleStuff.csproj", "{576CBBFF-4CD3-4DE7-BEF6-CB0AC9974B3A}"
EndProject
Global
	GlobalSection(SolutionConfigurationPlatforms) = preSolution
		Debug|Any CPU = Debug|Any CPU
		Release|Any CPU = Release|Any CPU
	EndGlobalSection
	GlobalSection(SolutionProperties) = preSolution
		HideSolutionNode = FALSE
	EndGlobalSection
	GlobalSection(ProjectConfigurationPlatforms) = postSolution
		{430B3922-AF9F-4AA0-9AD7-D9F6D8AB1E17}.Debug|Any CPU.ActiveCfg = Debug|Any CPU
		{430B3922-AF9F-4AA0-9AD7-D9F6D8AB1E17}.Debug|Any CPU.Build.0 = Debug|Any CPU
		{430B3922-AF9F-4AA0-9AD7-D9F6D8AB1E17}.Release|Any CPU.ActiveCfg = Release|Any CPU
		{430B3922-AF9F-4AA0-9AD7-D9F6D8AB1E17}.Release|Any CPU.Build.0 = Release|Any CPU
		{576CBBFF-4CD3-4DE7-BEF6-CB0AC9974B3A}.Debug|Any CPU.ActiveCfg = Debug|Any CPU
		{576CBBFF-4CD3-4DE7-BEF6-CB0AC9974B3A}.Debug|Any CPU.Build.0 = Debug|Any CPU
		{576CBBFF-4CD3-4DE7-BEF6-CB0AC9974B3A}.Release|Any CPU.ActiveCfg = Release|Any CPU
		{576CBBFF-4CD3-4DE7-BEF6-CB0AC9974B3A}.Release|Any CPU.Build.0 = Release|Any CPU
	EndGlobalSection
EndGlobal
